{
  "name": "codekit-project",
  "version": "1.0.0",
  "lockfileVersion": 3,
  "requires": true,
  "packages": {
    "": {
      "name": "codekit-project",
      "version": "1.0.0",
      "license": "UNLICENSED",
      "dependencies": {
        "js-datepicker": "^5.1.1",
        "uikit": "^3.2.3"
      }
    },
    "node_modules/js-datepicker": {
      "version": "5.18.2",
      "resolved": "https://registry.npmjs.org/js-datepicker/-/js-datepicker-5.18.2.tgz",
      "integrity": "sha512-lBh5tIwb1ewDVlNHuwczoLiMhTFWnGYuHSA7ONAPKyMeofIFZDFGeOZ71UTY/Mk2evJJt+L66ec/RiXUy8XzEg=="
    },
    "node_modules/uikit": {
      "version": "3.19.2",
      "resolved": "https://registry.npmjs.org/uikit/-/uikit-3.19.2.tgz",
      "integrity": "sha512-4Ls0yyBqk/vjgH3qvlPSljFYwh1VxfoeaA4mfGjedVCFqCkd7rucOg383/HsfXHxIc3Ezx3syiPaqxaiIFxcSw=="
    }
  }
}
